// !$*UTF8*$!
{
	archiveVersion = 1;
	classes = {
	};
	objectVersion = 46;
	objects = {

/* Begin PBXBuildFile section */
		D0494DAF19504EED00CE7116 /* person1.jpeg in Resources */ = {isa = PBXBuildFile; fileRef = D0494DAB19504EED00CE7116 /* person1.jpeg */; };
		D0494DB019504EED00CE7116 /* person2.jpeg in Resources */ = {isa = PBXBuildFile; fileRef = D0494DAC19504EED00CE7116 /* person2.jpeg */; };
		D0494DB119504EED00CE7116 /* person3.jpg in Resources */ = {isa = PBXBuildFile; fileRef = D0494DAD19504EED00CE7116 /* person3.jpg */; };
		D0494DB219504EED00CE7116 /* person4.jpeg in Resources */ = {isa = PBXBuildFile; fileRef = D0494DAE19504EED00CE7116 /* person4.jpeg */; };
		D0494DB519504EF900CE7116 /* CCUserData.m in Sources */ = {isa = PBXBuildFile; fileRef = D0494DB419504EF900CE7116 /* CCUserData.m */; };
		D08FEAE019504B7B001C03FE /* Foundation.framework in Frameworks */ = {isa = PBXBuildFile; fileRef = D08FEADF19504B7B001C03FE /* Foundation.framework */; };
		D08FEAE219504B7C001C03FE /* CoreGraphics.framework in Frameworks */ = {isa = PBXBuildFile; fileRef = D08FEAE119504B7C001C03FE /* CoreGraphics.framework */; };
		D08FEAE419504B7C001C03FE /* UIKit.framework in Frameworks */ = {isa = PBXBuildFile; fileRef = D08FEAE319504B7C001C03FE /* UIKit.framework */; };
		D08FEAEA19504B7C001C03FE /* InfoPlist.strings in Resources */ = {isa = PBXBuildFile; fileRef = D08FEAE819504B7C001C03FE /* InfoPlist.strings */; };
		D08FEAEC19504B7C001C03FE /* main.m in Sources */ = {isa = PBXBuildFile; fileRef = D08FEAEB19504B7C001C03FE /* main.m */; };
		D08FEAF019504B7C001C03FE /* AJAppDelegate.m in Sources */ = {isa = PBXBuildFile; fileRef = D08FEAEF19504B7C001C03FE /* AJAppDelegate.m */; };
		D08FEAF319504B7C001C03FE /* Main.storyboard in Resources */ = {isa = PBXBuildFile; fileRef = D08FEAF119504B7C001C03FE /* Main.storyboard */; };
		D08FEAF619504B7C001C03FE /* AJViewController.m in Sources */ = {isa = PBXBuildFile; fileRef = D08FEAF519504B7C001C03FE /* AJViewController.m */; };
		D08FEAF819504B7C001C03FE /* Images.xcassets in Resources */ = {isa = PBXBuildFile; fileRef = D08FEAF719504B7C001C03FE /* Images.xcassets */; };
		D08FEAFF19504B7C001C03FE /* XCTest.framework in Frameworks */ = {isa = PBXBuildFile; fileRef = D08FEAFE19504B7C001C03FE /* XCTest.framework */; };
		D08FEB0019504B7C001C03FE /* Foundation.framework in Frameworks */ = {isa = PBXBuildFile; fileRef = D08FEADF19504B7B001C03FE /* Foundation.framework */; };
		D08FEB0119504B7C001C03FE /* UIKit.framework in Frameworks */ = {isa = PBXBuildFile; fileRef = D08FEAE319504B7C001C03FE /* UIKit.framework */; };
		D08FEB0919504B7C001C03FE /* InfoPlist.strings in Resources */ = {isa = PBXBuildFile; fileRef = D08FEB0719504B7C001C03FE /* InfoPlist.strings */; };
		D08FEB0B19504B7C001C03FE /* User_Data_Challeng_SolutionTests.m in Sources */ = {isa = PBXBuildFile; fileRef = D08FEB0A19504B7C001C03FE /* User_Data_Challeng_SolutionTests.m */; };
		D08FEB1619504BBB001C03FE /* AstronomicalData.m in Sources */ = {isa = PBXBuildFile; fileRef = D08FEB1519504BBB001C03FE /* AstronomicalData.m */; };
		D08FEB1919504BD3001C03FE /* AJUserData.m in Sources */ = {isa = PBXBuildFile; fileRef = D08FEB1819504BD3001C03FE /* AJUserData.m */; };
		D08FEB1C19504C40001C03FE /* AJUserDictionary.m in Sources */ = {isa = PBXBuildFile; fileRef = D08FEB1B19504C40001C03FE /* AJUserDictionary.m */; };
/* End PBXBuildFile section */

/* Begin PBXContainerItemProxy section */
		D08FEB0219504B7C001C03FE /* PBXContainerItemProxy */ = {
			isa = PBXContainerItemProxy;
			containerPortal = D08FEAD419504B7B001C03FE /* Project object */;
			proxyType = 1;
			remoteGlobalIDString = D08FEADB19504B7B001C03FE;
			remoteInfo = "User Data Challeng Solution";
		};
/* End PBXContainerItemProxy section */

/* Begin PBXFileReference section */
		D0494DAB19504EED00CE7116 /* person1.jpeg */ = {isa = PBXFileReference; lastKnownFileType = image.jpeg; path = person1.jpeg; sourceTree = "<group>"; };
		D0494DAC19504EED00CE7116 /* person2.jpeg */ = {isa = PBXFileReference; lastKnownFileType = image.jpeg; path = person2.jpeg; sourceTree = "<group>"; };
		D0494DAD19504EED00CE7116 /* person3.jpg */ = {isa = PBXFileReference; lastKnownFileType = image.jpeg; path = person3.jpg; sourceTree = "<group>"; };
		D0494DAE19504EED00CE7116 /* person4.jpeg */ = {isa = PBXFileReference; lastKnownFileType = image.jpeg; path = person4.jpeg; sourceTree = "<group>"; };
		D0494DB319504EF900CE7116 /* CCUserData.h */ = {isa = PBXFileReference; fileEncoding = 4; lastKnownFileType = sourcecode.c.h; path = CCUserData.h; sourceTree = "<group>"; };
		D0494DB419504EF900CE7116 /* CCUserData.m */ = {isa = PBXFileReference; fileEncoding = 4; lastKnownFileType = sourcecode.c.objc; path = CCUserData.m; sourceTree = "<group>"; };
		D08FEADC19504B7B001C03FE /* User Data Challeng Solution.app */ = {isa = PBXFileReference; explicitFileType = wrapper.application; includeInIndex = 0; path = "User Data Challeng Solution.app"; sourceTree = BUILT_PRODUCTS_DIR; };
		D08FEADF19504B7B001C03FE /* Foundation.framework */ = {isa = PBXFileReference; lastKnownFileType = wrapper.framework; name = Foundation.framework; path = System/Library/Frameworks/Foundation.framework; sourceTree = SDKROOT; };
		D08FEAE119504B7C001C03FE /* CoreGraphics.framework */ = {isa = PBXFileReference; lastKnownFileType = wrapper.framework; name = CoreGraphics.framework; path = System/Library/Frameworks/CoreGraphics.framework; sourceTree = SDKROOT; };
		D08FEAE319504B7C001C03FE /* UIKit.framework */ = {isa = PBXFileReference; lastKnownFileType = wrapper.framework; name = UIKit.framework; path = System/Library/Frameworks/UIKit.framework; sourceTree = SDKROOT; };
		D08FEAE719504B7C001C03FE /* User Data Challeng Solution-Info.plist */ = {isa = PBXFileReference; lastKnownFileType = text.plist.xml; path = "User Data Challeng Solution-Info.plist"; sourceTree = "<group>"; };
		D08FEAE919504B7C001C03FE /* en */ = {isa = PBXFileReference; lastKnownFileType = text.plist.strings; name = en; path = en.lproj/InfoPlist.strings; sourceTree = "<group>"; };
		D08FEAEB19504B7C001C03FE /* main.m */ = {isa = PBXFileReference; lastKnownFileType = sourcecode.c.objc; path = main.m; sourceTree = "<group>"; };
		D08FEAED19504B7C001C03FE /* User Data Challeng Solution-Prefix.pch */ = {isa = PBXFileReference; lastKnownFileType = sourcecode.c.h; path = "User Data Challeng Solution-Prefix.pch"; sourceTree = "<group>"; };
		D08FEAEE19504B7C001C03FE /* AJAppDelegate.h */ = {isa = PBXFileReference; lastKnownFileType = sourcecode.c.h; path = AJAppDelegate.h; sourceTree = "<group>"; };
		D08FEAEF19504B7C001C03FE /* AJAppDelegate.m */ = {isa = PBXFileReference; lastKnownFileType = sourcecode.c.objc; path = AJAppDelegate.m; sourceTree = "<group>"; };
		D08FEAF219504B7C001C03FE /* Base */ = {isa = PBXFileReference; lastKnownFileType = file.storyboard; name = Base; path = Base.lproj/Main.storyboard; sourceTree = "<group>"; };
		D08FEAF419504B7C001C03FE /* AJViewController.h */ = {isa = PBXFileReference; lastKnownFileType = sourcecode.c.h; path = AJViewController.h; sourceTree = "<group>"; };
		D08FEAF519504B7C001C03FE /* AJViewController.m */ = {isa = PBXFileReference; lastKnownFileType = sourcecode.c.objc; path = AJViewController.m; sourceTree = "<group>"; };
		D08FEAF719504B7C001C03FE /* Images.xcassets */ = {isa = PBXFileReference; lastKnownFileType = folder.assetcatalog; path = Images.xcassets; sourceTree = "<group>"; };
		D08FEAFD19504B7C001C03FE /* User Data Challeng SolutionTests.xctest */ = {isa = PBXFileReference; explicitFileType = wrapper.cfbundle; includeInIndex = 0; path = "User Data Challeng SolutionTests.xctest"; sourceTree = BUILT_PRODUCTS_DIR; };
		D08FEAFE19504B7C001C03FE /* XCTest.framework */ = {isa = PBXFileReference; lastKnownFileType = wrapper.framework; name = XCTest.framework; path = Library/Frameworks/XCTest.framework; sourceTree = DEVELOPER_DIR; };
		D08FEB0619504B7C001C03FE /* User Data Challeng SolutionTests-Info.plist */ = {isa = PBXFileReference; lastKnownFileType = text.plist.xml; path = "User Data Challeng SolutionTests-Info.plist"; sourceTree = "<group>"; };
		D08FEB0819504B7C001C03FE /* en */ = {isa = PBXFileReference; lastKnownFileType = text.plist.strings; name = en; path = en.lproj/InfoPlist.strings; sourceTree = "<group>"; };
		D08FEB0A19504B7C001C03FE /* User_Data_Challeng_SolutionTests.m */ = {isa = PBXFileReference; lastKnownFileType = sourcecode.c.objc; path = User_Data_Challeng_SolutionTests.m; sourceTree = "<group>"; };
		D08FEB1419504BBB001C03FE /* AstronomicalData.h */ = {isa = PBXFileReference; fileEncoding = 4; lastKnownFileType = sourcecode.c.h; path = AstronomicalData.h; sourceTree = "<group>"; };
		D08FEB1519504BBB001C03FE /* AstronomicalData.m */ = {isa = PBXFileReference; fileEncoding = 4; lastKnownFileType = sourcecode.c.objc; path = AstronomicalData.m; sourceTree = "<group>"; };
		D08FEB1719504BD3001C03FE /* AJUserData.h */ = {isa = PBXFileReference; fileEncoding = 4; lastKnownFileType = sourcecode.c.h; path = AJUserData.h; sourceTree = "<group>"; };
		D08FEB1819504BD3001C03FE /* AJUserData.m */ = {isa = PBXFileReference; fileEncoding = 4; lastKnownFileType = sourcecode.c.objc; path = AJUserData.m; sourceTree = "<group>"; };
		D08FEB1A19504C40001C03FE /* AJUserDictionary.h */ = {isa = PBXFileReference; fileEncoding = 4; lastKnownFileType = sourcecode.c.h; path = AJUserDictionary.h; sourceTree = "<group>"; };
		D08FEB1B19504C40001C03FE /* AJUserDictionary.m */ = {isa = PBXFileReference; fileEncoding = 4; lastKnownFileType = sourcecode.c.objc; path = AJUserDictionary.m; sourceTree = "<group>"; };
/* End PBXFileReference section */

/* Begin PBXFrameworksBuildPhase section */
		D08FEAD919504B7B001C03FE /* Frameworks */ = {
			isa = PBXFrameworksBuildPhase;
			buildActionMask = 2147483647;
			files = (
				D08FEAE219504B7C001C03FE /* CoreGraphics.framework in Frameworks */,
				D08FEAE419504B7C001C03FE /* UIKit.framework in Frameworks */,
				D08FEAE019504B7B001C03FE /* Foundation.framework in Frameworks */,
			);
			runOnlyForDeploymentPostprocessing = 0;
		};
		D08FEAFA19504B7C001C03FE /* Frameworks */ = {
			isa = PBXFrameworksBuildPhase;
			buildActionMask = 2147483647;
			files = (
				D08FEAFF19504B7C001C03FE /* XCTest.framework in Frameworks */,
				D08FEB0119504B7C001C03FE /* UIKit.framework in Frameworks */,
				D08FEB0019504B7C001C03FE /* Foundation.framework in Frameworks */,
			);
			runOnlyForDeploymentPostprocessing = 0;
		};
/* End PBXFrameworksBuildPhase section */

/* Begin PBXGroup section */
		D08FEAD319504B7B001C03FE = {
			isa = PBXGroup;
			children = (
				D08FEAE519504B7C001C03FE /* User Data Challeng Solution */,
				D08FEB0419504B7C001C03FE /* User Data Challeng SolutionTests */,
				D08FEADE19504B7B001C03FE /* Frameworks */,
				D08FEADD19504B7B001C03FE /* Products */,
			);
			sourceTree = "<group>";
		};
		D08FEADD19504B7B001C03FE /* Products */ = {
			isa = PBXGroup;
			children = (
				D08FEADC19504B7B001C03FE /* User Data Challeng Solution.app */,
				D08FEAFD19504B7C001C03FE /* User Data Challeng SolutionTests.xctest */,
			);
			name = Products;
			sourceTree = "<group>";
		};
		D08FEADE19504B7B001C03FE /* Frameworks */ = {
			isa = PBXGroup;
			children = (
				D08FEADF19504B7B001C03FE /* Foundation.framework */,
				D08FEAE119504B7C001C03FE /* CoreGraphics.framework */,
				D08FEAE319504B7C001C03FE /* UIKit.framework */,
				D08FEAFE19504B7C001C03FE /* XCTest.framework */,
			);
			name = Frameworks;
			sourceTree = "<group>";
		};
		D08FEAE519504B7C001C03FE /* User Data Challeng Solution */ = {
			isa = PBXGroup;
			children = (
				D08FEAEE19504B7C001C03FE /* AJAppDelegate.h */,
				D08FEAEF19504B7C001C03FE /* AJAppDelegate.m */,
				D08FEAF119504B7C001C03FE /* Main.storyboard */,
				D08FEAF419504B7C001C03FE /* AJViewController.h */,
				D08FEAF519504B7C001C03FE /* AJViewController.m */,
				D08FEB1719504BD3001C03FE /* AJUserData.h */,
				D08FEB1819504BD3001C03FE /* AJUserData.m */,
				D08FEAF719504B7C001C03FE /* Images.xcassets */,
				D08FEAE619504B7C001C03FE /* Supporting Files */,
			);
			path = "User Data Challeng Solution";
			sourceTree = "<group>";
		};
		D08FEAE619504B7C001C03FE /* Supporting Files */ = {
			isa = PBXGroup;
			children = (
				D0494DB319504EF900CE7116 /* CCUserData.h */,
				D0494DB419504EF900CE7116 /* CCUserData.m */,
				D0494DAB19504EED00CE7116 /* person1.jpeg */,
				D0494DAC19504EED00CE7116 /* person2.jpeg */,
				D0494DAD19504EED00CE7116 /* person3.jpg */,
				D0494DAE19504EED00CE7116 /* person4.jpeg */,
				D08FEB1419504BBB001C03FE /* AstronomicalData.h */,
				D08FEB1519504BBB001C03FE /* AstronomicalData.m */,
				D08FEAE719504B7C001C03FE /* User Data Challeng Solution-Info.plist */,
				D08FEAE819504B7C001C03FE /* InfoPlist.strings */,
				D08FEAEB19504B7C001C03FE /* main.m */,
				D08FEAED19504B7C001C03FE /* User Data Challeng Solution-Prefix.pch */,
				D08FEB1A19504C40001C03FE /* AJUserDictionary.h */,
				D08FEB1B19504C40001C03FE /* AJUserDictionary.m */,
			);
			name = "Supporting Files";
			sourceTree = "<group>";
		};
		D08FEB0419504B7C001C03FE /* User Data Challeng SolutionTests */ = {
			isa = PBXGroup;
			children = (
				D08FEB0A19504B7C001C03FE /* User_Data_Challeng_SolutionTests.m */,
				D08FEB0519504B7C001C03FE /* Supporting Files */,
			);
			path = "User Data Challeng SolutionTests";
			sourceTree = "<group>";
		};
		D08FEB0519504B7C001C03FE /* Supporting Files */ = {
			isa = PBXGroup;
			children = (
				D08FEB0619504B7C001C03FE /* User Data Challeng SolutionTests-Info.plist */,
				D08FEB0719504B7C001C03FE /* InfoPlist.strings */,
			);
			name = "Supporting Files";
			sourceTree = "<group>";
		};
/* End PBXGroup section */

/* Begin PBXNativeTarget section */
		D08FEADB19504B7B001C03FE /* User Data Challeng Solution */ = {
			isa = PBXNativeTarget;
			buildConfigurationList = D08FEB0E19504B7C001C03FE /* Build configuration list for PBXNativeTarget "User Data Challeng Solution" */;
			buildPhases = (
				D08FEAD819504B7B001C03FE /* Sources */,
				D08FEAD919504B7B001C03FE /* Frameworks */,
				D08FEADA19504B7B001C03FE /* Resources */,
			);
			buildRules = (
			);
			dependencies = (
			);
			name = "User Data Challeng Solution";
			productName = "User Data Challeng Solution";
			productReference = D08FEADC19504B7B001C03FE /* User Data Challeng Solution.app */;
			productType = "com.apple.product-type.application";
		};
		D08FEAFC19504B7C001C03FE /* User Data Challeng SolutionTests */ = {
			isa = PBXNativeTarget;
			buildConfigurationList = D08FEB1119504B7C001C03FE /* Build configuration list for PBXNativeTarget "User Data Challeng SolutionTests" */;
			buildPhases = (
				D08FEAF919504B7C001C03FE /* Sources */,
				D08FEAFA19504B7C001C03FE /* Frameworks */,
				D08FEAFB19504B7C001C03FE /* Resources */,
			);
			buildRules = (
			);
			dependencies = (
				D08FEB0319504B7C001C03FE /* PBXTargetDependency */,
			);
			name = "User Data Challeng SolutionTests";
			productName = "User Data Challeng SolutionTests";
			productReference = D08FEAFD19504B7C001C03FE /* User Data Challeng SolutionTests.xctest */;
			productType = "com.apple.product-type.bundle.unit-test";
		};
/* End PBXNativeTarget section */

/* Begin PBXProject section */
		D08FEAD419504B7B001C03FE /* Project object */ = {
			isa = PBXProject;
			attributes = {
				CLASSPREFIX = AJ;
				LastUpgradeCheck = 0510;
				ORGANIZATIONNAME = Absol;
				TargetAttributes = {
					D08FEAFC19504B7C001C03FE = {
						TestTargetID = D08FEADB19504B7B001C03FE;
					};
				};
			};
			buildConfigurationList = D08FEAD719504B7B001C03FE /* Build configuration list for PBXProject "User Data Challeng Solution" */;
			compatibilityVersion = "Xcode 3.2";
			developmentRegion = English;
			hasScannedForEncodings = 0;
			knownRegions = (
				en,
				Base,
			);
			mainGroup = D08FEAD319504B7B001C03FE;
			productRefGroup = D08FEADD19504B7B001C03FE /* Products */;
			projectDirPath = "";
			projectRoot = "";
			targets = (
				D08FEADB19504B7B001C03FE /* User Data Challeng Solution */,
				D08FEAFC19504B7C001C03FE /* User Data Challeng SolutionTests */,
			);
		};
/* End PBXProject section */

/* Begin PBXResourcesBuildPhase section */
		D08FEADA19504B7B001C03FE /* Resources */ = {
			isa = PBXResourcesBuildPhase;
			buildActionMask = 2147483647;
			files = (
				D0494DB119504EED00CE7116 /* person3.jpg in Resources */,
				D0494DAF19504EED00CE7116 /* person1.jpeg in Resources */,
				D08FEAF819504B7C001C03FE /* Images.xcassets in Resources */,
				D08FEAEA19504B7C001C03FE /* InfoPlist.strings in Resources */,
				D0494DB219504EED00CE7116 /* person4.jpeg in Resources */,
				D08FEAF319504B7C001C03FE /* Main.storyboard in Resources */,
				D0494DB019504EED00CE7116 /* person2.jpeg in Resources */,
			);
			runOnlyForDeploymentPostprocessing = 0;
		};
		D08FEAFB19504B7C001C03FE /* Resources */ = {
			isa = PBXResourcesBuildPhase;
			buildActionMask = 2147483647;
			files = (
				D08FEB0919504B7C001C03FE /* InfoPlist.strings in Resources */,
			);
			runOnlyForDeploymentPostprocessing = 0;
		};
/* End PBXResourcesBuildPhase section */

/* Begin PBXSourcesBuildPhase section */
		D08FEAD819504B7B001C03FE /* Sources */ = {
			isa = PBXSourcesBuildPhase;
			buildActionMask = 2147483647;
			files = (
				D0494DB519504EF900CE7116 /* CCUserData.m in Sources */,
				D08FEAEC19504B7C001C03FE /* main.m in Sources */,
				D08FEB1C19504C40001C03FE /* AJUserDictionary.m in Sources */,
				D08FEAF619504B7C001C03FE /* AJViewController.m in Sources */,
				D08FEAF019504B7C001C03FE /* AJAppDelegate.m in Sources */,
				D08FEB1619504BBB001C03FE /* AstronomicalData.m in Sources */,
				D08FEB1919504BD3001C03FE /* AJUserData.m in Sources */,
			);
			runOnlyForDeploymentPostprocessing = 0;
		};
		D08FEAF919504B7C001C03FE /* Sources */ = {
			isa = PBXSourcesBuildPhase;
			buildActionMask = 2147483647;
			files = (
				D08FEB0B19504B7C001C03FE /* User_Data_Challeng_SolutionTests.m in Sources */,
			);
			runOnlyForDeploymentPostprocessing = 0;
		};
/* End PBXSourcesBuildPhase section */

/* Begin PBXTargetDependency section */
		D08FEB0319504B7C001C03FE /* PBXTargetDependency */ = {
			isa = PBXTargetDependency;
			target = D08FEADB19504B7B001C03FE /* User Data Challeng Solution */;
			targetProxy = D08FEB0219504B7C001C03FE /* PBXContainerItemProxy */;
		};
/* End PBXTargetDependency section */

/* Begin PBXVariantGroup section */
		D08FEAE819504B7C001C03FE /* InfoPlist.strings */ = {
			isa = PBXVariantGroup;
			children = (
				D08FEAE919504B7C001C03FE /* en */,
			);
			name = InfoPlist.strings;
			sourceTree = "<group>";
		};
		D08FEAF119504B7C001C03FE /* Main.storyboard */ = {
			isa = PBXVariantGroup;
			children = (
				D08FEAF219504B7C001C03FE /* Base */,
			);
			name = Main.storyboard;
			sourceTree = "<group>";
		};
		D08FEB0719504B7C001C03FE /* InfoPlist.strings */ = {
			isa = PBXVariantGroup;
			children = (
				D08FEB0819504B7C001C03FE /* en */,
			);
			name = InfoPlist.strings;
			sourceTree = "<group>";
		};
/* End PBXVariantGroup section */

/* Begin XCBuildConfiguration section */
		D08FEB0C19504B7C001C03FE /* Debug */ = {
			isa = XCBuildConfiguration;
			buildSettings = {
				ALWAYS_SEARCH_USER_PATHS = NO;
				CLANG_CXX_LANGUAGE_STANDARD = "gnu++0x";
				CLANG_CXX_LIBRARY = "libc++";
				CLANG_ENABLE_MODULES = YES;
				CLANG_ENABLE_OBJC_ARC = YES;
				CLANG_WARN_BOOL_CONVERSION = YES;
				CLANG_WARN_CONSTANT_CONVERSION = YES;
				CLANG_WARN_DIRECT_OBJC_ISA_USAGE = YES_ERROR;
				CLANG_WARN_EMPTY_BODY = YES;
				CLANG_WARN_ENUM_CONVERSION = YES;
				CLANG_WARN_INT_CONVERSION = YES;
				CLANG_WARN_OBJC_ROOT_CLASS = YES_ERROR;
				CLANG_WARN__DUPLICATE_METHOD_MATCH = YES;
				"CODE_SIGN_IDENTITY[sdk=iphoneos*]" = "iPhone Developer";
				COPY_PHASE_STRIP = NO;
				GCC_C_LANGUAGE_STANDARD = gnu99;
				GCC_DYNAMIC_NO_PIC = NO;
				GCC_OPTIMIZATION_LEVEL = 0;
				GCC_PREPROCESSOR_DEFINITIONS = (
					"DEBUG=1",
					"$(inherited)",
				);
				GCC_SYMBOLS_PRIVATE_EXTERN = NO;
				GCC_WARN_64_TO_32_BIT_CONVERSION = YES;
				GCC_WARN_ABOUT_RETURN_TYPE = YES_ERROR;
				GCC_WARN_UNDECLARED_SELECTOR = YES;
				GCC_WARN_UNINITIALIZED_AUTOS = YES_AGGRESSIVE;
				GCC_WARN_UNUSED_FUNCTION = YES;
				GCC_WARN_UNUSED_VARIABLE = YES;
				IPHONEOS_DEPLOYMENT_TARGET = 7.1;
				ONLY_ACTIVE_ARCH = YES;
				SDKROOT = iphoneos;
			};
			name = Debug;
		};
		D08FEB0D19504B7C001C03FE /* Release */ = {
			isa = XCBuildConfiguration;
			buildSettings = {
				ALWAYS_SEARCH_USER_PATHS = NO;
				CLANG_CXX_LANGUAGE_STANDARD = "gnu++0x";
				CLANG_CXX_LIBRARY = "libc++";
				CLANG_ENABLE_MODULES = YES;
				CLANG_ENABLE_OBJC_ARC = YES;
				CLANG_WARN_BOOL_CONVERSION = YES;
				CLANG_WARN_CONSTANT_CONVERSION = YES;
				CLANG_WARN_DIRECT_OBJC_ISA_USAGE = YES_ERROR;
				CLANG_WARN_EMPTY_BODY = YES;
				CLANG_WARN_ENUM_CONVERSION = YES;
				CLANG_WARN_INT_CONVERSION = YES;
				CLANG_WARN_OBJC_ROOT_CLASS = YES_ERROR;
				CLANG_WARN__DUPLICATE_METHOD_MATCH = YES;
				"CODE_SIGN_IDENTITY[sdk=iphoneos*]" = "iPhone Developer";
				COPY_PHASE_STRIP = YES;
				ENABLE_NS_ASSERTIONS = NO;
				GCC_C_LANGUAGE_STANDARD = gnu99;
				GCC_WARN_64_TO_32_BIT_CONVERSION = YES;
				GCC_WARN_ABOUT_RETURN_TYPE = YES_ERROR;
				GCC_WARN_UNDECLARED_SELECTOR = YES;
				GCC_WARN_UNINITIALIZED_AUTOS = YES_AGGRESSIVE;
				GCC_WARN_UNUSED_FUNCTION = YES;
				GCC_WARN_UNUSED_VARIABLE = YES;
				IPHONEOS_DEPLOYMENT_TARGET = 7.1;
				SDKROOT = iphoneos;
				VALIDATE_PRODUCT = YES;
			};
			name = Release;
		};
		D08FEB0F19504B7C001C03FE /* Debug */ = {
			isa = XCBuildConfiguration;
			buildSettings = {
				ASSETCATALOG_COMPILER_APPICON_NAME = AppIcon;
				ASSETCATALOG_COMPILER_LAUNCHIMAGE_NAME = LaunchImage;
				GCC_PRECOMPILE_PREFIX_HEADER = YES;
				GCC_PREFIX_HEADER = "User Data Challeng Solution/User Data Challeng Solution-Prefix.pch";
				INFOPLIST_FILE = "User Data Challeng Solution/User Data Challeng Solution-Info.plist";
				PRODUCT_NAME = "$(TARGET_NAME)";
				WRAPPER_EXTENSION = app;
			};
			name = Debug;
		};
		D08FEB1019504B7C001C03FE /* Release */ = {
			isa = XCBuildConfiguration;
			buildSettings = {
				ASSETCATALOG_COMPILER_APPICON_NAME = AppIcon;
				ASSETCATALOG_COMPILER_LAUNCHIMAGE_NAME = LaunchImage;
				GCC_PRECOMPILE_PREFIX_HEADER = YES;
				GCC_PREFIX_HEADER = "User Data Challeng Solution/User Data Challeng Solution-Prefix.pch";
				INFOPLIST_FILE = "User Data Challeng Solution/User Data Challeng Solution-Info.plist";
				PRODUCT_NAME = "$(TARGET_NAME)";
				WRAPPER_EXTENSION = app;
			};
			name = Release;
		};
		D08FEB1219504B7C001C03FE /* Debug */ = {
			isa = XCBuildConfiguration;
			buildSettings = {
				BUNDLE_LOADER = "$(BUILT_PRODUCTS_DIR)/User Data Challeng Solution.app/User Data Challeng Solution";
				FRAMEWORK_SEARCH_PATHS = (
					"$(SDKROOT)/Developer/Library/Frameworks",
					"$(inherited)",
					"$(DEVELOPER_FRAMEWORKS_DIR)",
				);
				GCC_PRECOMPILE_PREFIX_HEADER = YES;
				GCC_PREFIX_HEADER = "User Data Challeng Solution/User Data Challeng Solution-Prefix.pch";
				GCC_PREPROCESSOR_DEFINITIONS = (
					"DEBUG=1",
					"$(inherited)",
				);
				INFOPLIST_FILE = "User Data Challeng SolutionTests/User Data Challeng SolutionTests-Info.plist";
				PRODUCT_NAME = "$(TARGET_NAME)";
				TEST_HOST = "$(BUNDLE_LOADER)";
				WRAPPER_EXTENSION = xctest;
			};
			name = Debug;
		};
		D08FEB1319504B7C001C03FE /* Release */ = {
			isa = XCBuildConfiguration;
			buildSettings = {
				BUNDLE_LOADER = "$(BUILT_PRODUCTS_DIR)/User Data Challeng Solution.app/User Data Challeng Solution";
				FRAMEWORK_SEARCH_PATHS = (
					"$(SDKROOT)/Developer/Library/Frameworks",
					"$(inherited)",
					"$(DEVELOPER_FRAMEWORKS_DIR)",
				);
				GCC_PRECOMPILE_PREFIX_HEADER = YES;
				GCC_PREFIX_HEADER = "User Data Challeng Solution/User Data Challeng Solution-Prefix.pch";
				INFOPLIST_FILE = "User Data Challeng SolutionTests/User Data Challeng SolutionTests-Info.plist";
				PRODUCT_NAME = "$(TARGET_NAME)";
				TEST_HOST = "$(BUNDLE_LOADER)";
				WRAPPER_EXTENSION = xctest;
			};
			name = Release;
		};
/* End XCBuildConfiguration section */

/* Begin XCConfigurationList section */
		D08FEAD719504B7B001C03FE /* Build configuration list for PBXProject "User Data Challeng Solution" */ = {
			isa = XCConfigurationList;
			buildConfigurations = (
				D08FEB0C19504B7C001C03FE /* Debug */,
				D08FEB0D19504B7C001C03FE /* Release */,
			);
			defaultConfigurationIsVisible = 0;
			defaultConfigurationName = Release;
		};
		D08FEB0E19504B7C001C03FE /* Build configuration list for PBXNativeTarget "User Data Challeng Solution" */ = {
			isa = XCConfigurationList;
			buildConfigurations = (
				D08FEB0F19504B7C001C03FE /* Debug */,
				D08FEB1019504B7C001C03FE /* Release */,
			);
			defaultConfigurationIsVisible = 0;
			defaultConfigurationName = Release;
		};
		D08FEB1119504B7C001C03FE /* Build configuration list for PBXNativeTarget "User Data Challeng SolutionTests" */ = {
			isa = XCConfigurationList;
			buildConfigurations = (
				D08FEB1219504B7C001C03FE /* Debug */,
				D08FEB1319504B7C001C03FE /* Release */,
			);
			defaultConfigurationIsVisible = 0;
			defaultConfigurationName = Release;
		};
/* End XCConfigurationList section */
	};
	rootObject = D08FEAD419504B7B001C03FE /* Project object */;
}
